{
    "name": "framework",
    "version": "1.0.0",
    "lockfileVersion": 1,
    "requires": true,
    "dependencies": {
        "@types/node": {
            "version": "14.14.10",
            "resolved": "https://registry.npmjs.org/@types/node/-/node-14.14.10.tgz",
            "integrity": "sha512-J32dgx2hw8vXrSbu4ZlVhn1Nm3GbeCFNw2FWL8S5QKucHGY0cyNwjdQdO+KMBZ4wpmC7KhLCiNsdk1RFRIYUQQ==",
            "dev": true
        },
        "ow": {
            "version": "0.18.0",
            "resolved": "https://registry.npmjs.org/ow/-/ow-0.18.0.tgz",
            "integrity": "sha512-2Rc7sTon3MDhWsrMB4mbppPA6ldQmGtDQadpE03RQw3ebcgsuNw43IYa1eDWwrSdWglCikduZC8cuBLnA34Teg==",
            "requires": {
                "type-fest": "^0.17.0"
            }
        },
        "type-fest": {
            "version": "0.17.0",
            "resolved": "https://registry.npmjs.org/type-fest/-/type-fest-0.17.0.tgz",
            "integrity": "sha512-EFi9HE4hHj85XnVV80uAUMgICQmhxYgiEvtmfpcD6jqn6zYr36HxAU6k+i/DSY28TK7/lYL0s4v/kWmiKdqaoA=="
        },
        "typescript": {
            "version": "4.1.2",
            "resolved": "https://registry.npmjs.org/typescript/-/typescript-4.1.2.tgz",
            "integrity": "sha512-thGloWsGH3SOxv1SoY7QojKi0tc+8FnOmiarEGMbd/lar7QOEd3hvlx3Fp5y6FlDUGl9L+pd4n2e+oToGMmhRQ==",
            "dev": true
        }
    }
}
